
Microsoft Visual Studio Solution File, Format Version 12.00
# Visual Studio Version 17
VisualStudioVersion = 17.5.002.0
MinimumVisualStudioVersion = 10.0.40219.1
Project("{9A19103F-16F7-4668-BE54-9A1E7A4F7556}") = "wheel-wise-backend", "wheel-wise-backend.csproj", "{CC0B091C-2D9B-40E2-9D75-BF04A1EF79E7}"
EndProject
Global
	GlobalSection(SolutionConfigurationPlatforms) = preSolution
		Debug|Any CPU = Debug|Any CPU
		Release|Any CPU = Release|Any CPU
	EndGlobalSection
	GlobalSection(ProjectConfigurationPlatforms) = postSolution
		{CC0B091C-2D9B-40E2-9D75-BF04A1EF79E7}.Debug|Any CPU.ActiveCfg = Debug|Any CPU
		{CC0B091C-2D9B-40E2-9D75-BF04A1EF79E7}.Debug|Any CPU.Build.0 = Debug|Any CPU
		{CC0B091C-2D9B-40E2-9D75-BF04A1EF79E7}.Release|Any CPU.ActiveCfg = Release|Any CPU
		{CC0B091C-2D9B-40E2-9D75-BF04A1EF79E7}.Release|Any CPU.Build.0 = Release|Any CPU
	EndGlobalSection
	GlobalSection(SolutionProperties) = preSolution
		HideSolutionNode = FALSE
	EndGlobalSection
	GlobalSection(ExtensibilityGlobals) = postSolution
		SolutionGuid = {E46E0B14-9551-4ADA-8FDC-2E8A23829F97}
	EndGlobalSection
EndGlobal
